<Solution>
  <Folder Name="/Solution Items/">
    <File Path=".editorconfig" />
    <File Path="NuGet.config" />
    <File Path="StandardPlugins.props" />
    <File Path="README.md" />
  </Folder>
  <Project Path="src/Rulealize.csproj" />
  <Project Path="test/Rulealize.Tests.csproj" />
  <Folder Name="/sample/">
    <Project Path="sample/Reversi/Rulealize.Sample.Reversi.csproj" />
  </Folder>
</Solution>
